
Microsoft Visual Studio Solution File, Format Version 12.00
# Visual Studio Version 17
VisualStudioVersion = 17.4.33213.308
MinimumVisualStudioVersion = 10.0.40219.1
Project("{FAE04EC0-301F-11D3-BF4B-00C04F79EFBC}") = "DynamicFormBuilderSample", "DynamicFormBuilderSample.csproj", "{5BF98861-BD16-409C-8090-C526DDC48744}"
EndProject
Global
	GlobalSection(SolutionConfigurationPlatforms) = preSolution
		Debug|Any CPU = Debug|Any CPU
		Release|Any CPU = Release|Any CPU
	EndGlobalSection
	GlobalSection(ProjectConfigurationPlatforms) = postSolution
		{5BF98861-BD16-409C-8090-C526DDC48744}.Debug|Any CPU.ActiveCfg = Debug|Any CPU
		{5BF98861-BD16-409C-8090-C526DDC48744}.Debug|Any CPU.Build.0 = Debug|Any CPU
		{5BF98861-BD16-409C-8090-C526DDC48744}.Release|Any CPU.ActiveCfg = Release|Any CPU
		{5BF98861-BD16-409C-8090-C526DDC48744}.Release|Any CPU.Build.0 = Release|Any CPU
	EndGlobalSection
	GlobalSection(SolutionProperties) = preSolution
		HideSolutionNode = FALSE
	EndGlobalSection
	GlobalSection(ExtensibilityGlobals) = postSolution
		SolutionGuid = {B2CED35D-C233-4E0A-A5E7-1C910A11F64C}
	EndGlobalSection
EndGlobal
