
Microsoft Visual Studio Solution File, Format Version 12.00
# Visual Studio Version 16
VisualStudioVersion = 16.0.29521.150
MinimumVisualStudioVersion = 10.0.40219.1
Project("{9A19103F-16F7-4668-BE54-9A1E7A4F7556}") = "FormBuilder", "FormBuilder.csproj", "{29630493-E009-4E88-8A4E-AD3ECF6F4A42}"
EndProject
Global
	GlobalSection(SolutionConfigurationPlatforms) = preSolution
		Debug|Any CPU = Debug|Any CPU
		Release|Any CPU = Release|Any CPU
	EndGlobalSection
	GlobalSection(ProjectConfigurationPlatforms) = postSolution
		{29630493-E009-4E88-8A4E-AD3ECF6F4A42}.Debug|Any CPU.ActiveCfg = Debug|Any CPU
		{29630493-E009-4E88-8A4E-AD3ECF6F4A42}.Debug|Any CPU.Build.0 = Debug|Any CPU
		{29630493-E009-4E88-8A4E-AD3ECF6F4A42}.Release|Any CPU.ActiveCfg = Release|Any CPU
		{29630493-E009-4E88-8A4E-AD3ECF6F4A42}.Release|Any CPU.Build.0 = Release|Any CPU
	EndGlobalSection
	GlobalSection(SolutionProperties) = preSolution
		HideSolutionNode = FALSE
	EndGlobalSection
	GlobalSection(ExtensibilityGlobals) = postSolution
		SolutionGuid = {5352E4FF-D9CA-47FE-80E9-E1667501B45D}
	EndGlobalSection
EndGlobal
